Microsoft Visual Studio Solution File, Format Version 12.00
# Visual Studio 2013
Project("{8BC9CEB8-8B4A-11D0-8D11-00A0C91BC942}") = "ALL_BUILD", "ALL_BUILD.vcxproj", "{60658AC9-018F-325E-B976-CB186CC78C57}"
	ProjectSection(ProjectDependencies) = postProject
		{A239AFCA-DF0C-3D25-91F7-F47CDD5A27D2} = {A239AFCA-DF0C-3D25-91F7-F47CDD5A27D2}
		{E696F32B-DD35-3DC8-98F9-7C286EA54D82} = {E696F32B-DD35-3DC8-98F9-7C286EA54D82}
		{E3A181B7-412C-3976-886D-07CFE1D7AA5A} = {E3A181B7-412C-3976-886D-07CFE1D7AA5A}
		{E570CFF8-ABA0-39F4-AEE6-106A1E34AF2D} = {E570CFF8-ABA0-39F4-AEE6-106A1E34AF2D}
		{27BFF98F-1500-34CF-B896-2C7B796C592F} = {27BFF98F-1500-34CF-B896-2C7B796C592F}
		{1FA292D1-B174-3967-B8D5-AF75EA135DBD} = {1FA292D1-B174-3967-B8D5-AF75EA135DBD}
		{D693A80A-8107-3055-8144-E95F66A08C07} = {D693A80A-8107-3055-8144-E95F66A08C07}
		{84FA65FE-5695-3D00-BD33-09718DA8F11B} = {84FA65FE-5695-3D00-BD33-09718DA8F11B}
		{96D95FD1-B2B2-328B-930D-43DFCCB3014C} = {96D95FD1-B2B2-328B-930D-43DFCCB3014C}
		{F87FB555-8D17-3B11-93CD-9BA9480C50E7} = {F87FB555-8D17-3B11-93CD-9BA9480C50E7}
		{64581704-3605-3889-A1AB-4256E5687B13} = {64581704-3605-3889-A1AB-4256E5687B13}
		{EE0A8970-1DE4-390F-A7C0-0790E2B11C64} = {EE0A8970-1DE4-390F-A7C0-0790E2B11C64}
		{7A66883B-AA95-34EC-B235-93FE11EB805D} = {7A66883B-AA95-34EC-B235-93FE11EB805D}
		{1B78BCE3-967C-3674-939D-FAE1351022C0} = {1B78BCE3-967C-3674-939D-FAE1351022C0}
		{5DFF08FF-3682-300D-83BA-962E67D8A902} = {5DFF08FF-3682-300D-83BA-962E67D8A902}
		{2FEF047E-7A6C-3C23-AA78-42E7AD6F0BB0} = {2FEF047E-7A6C-3C23-AA78-42E7AD6F0BB0}
		{6218CC44-CDA4-354E-A5D8-4AC3C054B9F9} = {6218CC44-CDA4-354E-A5D8-4AC3C054B9F9}
		{AB0202E3-6778-31FD-A0F5-889F633104A6} = {AB0202E3-6778-31FD-A0F5-889F633104A6}
		{AD613F7E-04A6-3006-944F-4DC9F8AC17CD} = {AD613F7E-04A6-3006-944F-4DC9F8AC17CD}
		{9DC278C3-178E-320B-8450-EB14AF2BCCA9} = {9DC278C3-178E-320B-8450-EB14AF2BCCA9}
		{BC8D0F18-77B2-3877-9CAA-DF714B48068B} = {BC8D0F18-77B2-3877-9CAA-DF714B48068B}
		{D5521D76-CD98-36CD-945A-316DC19141D6} = {D5521D76-CD98-36CD-945A-316DC19141D6}
		{40D6BE62-57BD-3979-B076-F2BF75380578} = {40D6BE62-57BD-3979-B076-F2BF75380578}
		{DE21EFB9-C168-3342-BB4E-4026234A0F3A} = {DE21EFB9-C168-3342-BB4E-4026234A0F3A}
		{4B22632B-DDA6-3757-8B47-659C47EA81E5} = {4B22632B-DDA6-3757-8B47-659C47EA81E5}
		{D82B467A-31AD-317D-921A-E1B471E67CE4} = {D82B467A-31AD-317D-921A-E1B471E67CE4}
	EndProjectSection
EndProject
Project("{8BC9CEB8-8B4A-11D0-8D11-00A0C91BC942}") = "INSTALL", "INSTALL.vcxproj", "{E4B1C2DB-2206-38DB-B9EA-83AF2980D49C}"
	ProjectSection(ProjectDependencies) = postProject
		{60658AC9-018F-325E-B976-CB186CC78C57} = {60658AC9-018F-325E-B976-CB186CC78C57}
	EndProjectSection
EndProject
Project("{8BC9CEB8-8B4A-11D0-8D11-00A0C91BC942}") = "PACKAGE", "PACKAGE.vcxproj", "{F153BD52-72A9-3938-97DD-8FD294C02D64}"
	ProjectSection(ProjectDependencies) = postProject
		{60658AC9-018F-325E-B976-CB186CC78C57} = {60658AC9-018F-325E-B976-CB186CC78C57}
	EndProjectSection
EndProject
Project("{8BC9CEB8-8B4A-11D0-8D11-00A0C91BC942}") = "audin-client", "channels\audin\client\audin-client.vcxproj", "{A239AFCA-DF0C-3D25-91F7-F47CDD5A27D2}"
	ProjectSection(ProjectDependencies) = postProject
		{96D95FD1-B2B2-328B-930D-43DFCCB3014C} = {96D95FD1-B2B2-328B-930D-43DFCCB3014C}
		{40D6BE62-57BD-3979-B076-F2BF75380578} = {40D6BE62-57BD-3979-B076-F2BF75380578}
	EndProjectSection
EndProject
Project("{8BC9CEB8-8B4A-11D0-8D11-00A0C91BC942}") = "audin-client-winmm", "channels\audin\client\winmm\audin-client-winmm.vcxproj", "{E696F32B-DD35-3DC8-98F9-7C286EA54D82}"
	ProjectSection(ProjectDependencies) = postProject
		{96D95FD1-B2B2-328B-930D-43DFCCB3014C} = {96D95FD1-B2B2-328B-930D-43DFCCB3014C}
		{40D6BE62-57BD-3979-B076-F2BF75380578} = {40D6BE62-57BD-3979-B076-F2BF75380578}
	EndProjectSection
EndProject
Project("{8BC9CEB8-8B4A-11D0-8D11-00A0C91BC942}") = "cliprdr-client", "channels\cliprdr\client\cliprdr-client.vcxproj", "{E3A181B7-412C-3976-886D-07CFE1D7AA5A}"
	ProjectSection(ProjectDependencies) = postProject
	EndProjectSection
EndProject
Project("{8BC9CEB8-8B4A-11D0-8D11-00A0C91BC942}") = "disp-client", "channels\disp\client\disp-client.vcxproj", "{E570CFF8-ABA0-39F4-AEE6-106A1E34AF2D}"
	ProjectSection(ProjectDependencies) = postProject
		{96D95FD1-B2B2-328B-930D-43DFCCB3014C} = {96D95FD1-B2B2-328B-930D-43DFCCB3014C}
		{40D6BE62-57BD-3979-B076-F2BF75380578} = {40D6BE62-57BD-3979-B076-F2BF75380578}
	EndProjectSection
EndProject
Project("{8BC9CEB8-8B4A-11D0-8D11-00A0C91BC942}") = "drdynvc-client", "channels\drdynvc\client\drdynvc-client.vcxproj", "{27BFF98F-1500-34CF-B896-2C7B796C592F}"
	ProjectSection(ProjectDependencies) = postProject
	EndProjectSection
EndProject
Project("{8BC9CEB8-8B4A-11D0-8D11-00A0C91BC942}") = "drive-client", "channels\drive\client\drive-client.vcxproj", "{1FA292D1-B174-3967-B8D5-AF75EA135DBD}"
	ProjectSection(ProjectDependencies) = postProject
		{96D95FD1-B2B2-328B-930D-43DFCCB3014C} = {96D95FD1-B2B2-328B-930D-43DFCCB3014C}
		{40D6BE62-57BD-3979-B076-F2BF75380578} = {40D6BE62-57BD-3979-B076-F2BF75380578}
	EndProjectSection
EndProject
Project("{8BC9CEB8-8B4A-11D0-8D11-00A0C91BC942}") = "echo-client", "channels\echo\client\echo-client.vcxproj", "{D693A80A-8107-3055-8144-E95F66A08C07}"
	ProjectSection(ProjectDependencies) = postProject
		{96D95FD1-B2B2-328B-930D-43DFCCB3014C} = {96D95FD1-B2B2-328B-930D-43DFCCB3014C}
		{40D6BE62-57BD-3979-B076-F2BF75380578} = {40D6BE62-57BD-3979-B076-F2BF75380578}
	EndProjectSection
EndProject
Project("{8BC9CEB8-8B4A-11D0-8D11-00A0C91BC942}") = "encomsp-client", "channels\encomsp\client\encomsp-client.vcxproj", "{84FA65FE-5695-3D00-BD33-09718DA8F11B}"
	ProjectSection(ProjectDependencies) = postProject
	EndProjectSection
EndProject
Project("{8BC9CEB8-8B4A-11D0-8D11-00A0C91BC942}") = "freerdp", "libfreerdp\freerdp.vcxproj", "{96D95FD1-B2B2-328B-930D-43DFCCB3014C}"
	ProjectSection(ProjectDependencies) = postProject
		{40D6BE62-57BD-3979-B076-F2BF75380578} = {40D6BE62-57BD-3979-B076-F2BF75380578}
	EndProjectSection
EndProject
Project("{8BC9CEB8-8B4A-11D0-8D11-00A0C91BC942}") = "freerdp-client", "client\common\freerdp-client.vcxproj", "{F87FB555-8D17-3B11-93CD-9BA9480C50E7}"
	ProjectSection(ProjectDependencies) = postProject
		{A239AFCA-DF0C-3D25-91F7-F47CDD5A27D2} = {A239AFCA-DF0C-3D25-91F7-F47CDD5A27D2}
		{E696F32B-DD35-3DC8-98F9-7C286EA54D82} = {E696F32B-DD35-3DC8-98F9-7C286EA54D82}
		{E3A181B7-412C-3976-886D-07CFE1D7AA5A} = {E3A181B7-412C-3976-886D-07CFE1D7AA5A}
		{E570CFF8-ABA0-39F4-AEE6-106A1E34AF2D} = {E570CFF8-ABA0-39F4-AEE6-106A1E34AF2D}
		{27BFF98F-1500-34CF-B896-2C7B796C592F} = {27BFF98F-1500-34CF-B896-2C7B796C592F}
		{1FA292D1-B174-3967-B8D5-AF75EA135DBD} = {1FA292D1-B174-3967-B8D5-AF75EA135DBD}
		{D693A80A-8107-3055-8144-E95F66A08C07} = {D693A80A-8107-3055-8144-E95F66A08C07}
		{84FA65FE-5695-3D00-BD33-09718DA8F11B} = {84FA65FE-5695-3D00-BD33-09718DA8F11B}
		{96D95FD1-B2B2-328B-930D-43DFCCB3014C} = {96D95FD1-B2B2-328B-930D-43DFCCB3014C}
		{64581704-3605-3889-A1AB-4256E5687B13} = {64581704-3605-3889-A1AB-4256E5687B13}
		{EE0A8970-1DE4-390F-A7C0-0790E2B11C64} = {EE0A8970-1DE4-390F-A7C0-0790E2B11C64}
		{7A66883B-AA95-34EC-B235-93FE11EB805D} = {7A66883B-AA95-34EC-B235-93FE11EB805D}
		{1B78BCE3-967C-3674-939D-FAE1351022C0} = {1B78BCE3-967C-3674-939D-FAE1351022C0}
		{5DFF08FF-3682-300D-83BA-962E67D8A902} = {5DFF08FF-3682-300D-83BA-962E67D8A902}
		{2FEF047E-7A6C-3C23-AA78-42E7AD6F0BB0} = {2FEF047E-7A6C-3C23-AA78-42E7AD6F0BB0}
		{6218CC44-CDA4-354E-A5D8-4AC3C054B9F9} = {6218CC44-CDA4-354E-A5D8-4AC3C054B9F9}
		{AD613F7E-04A6-3006-944F-4DC9F8AC17CD} = {AD613F7E-04A6-3006-944F-4DC9F8AC17CD}
		{9DC278C3-178E-320B-8450-EB14AF2BCCA9} = {9DC278C3-178E-320B-8450-EB14AF2BCCA9}
		{40D6BE62-57BD-3979-B076-F2BF75380578} = {40D6BE62-57BD-3979-B076-F2BF75380578}
	EndProjectSection
EndProject
Project("{8BC9CEB8-8B4A-11D0-8D11-00A0C91BC942}") = "printer-client", "channels\printer\client\printer-client.vcxproj", "{64581704-3605-3889-A1AB-4256E5687B13}"
	ProjectSection(ProjectDependencies) = postProject
		{96D95FD1-B2B2-328B-930D-43DFCCB3014C} = {96D95FD1-B2B2-328B-930D-43DFCCB3014C}
		{40D6BE62-57BD-3979-B076-F2BF75380578} = {40D6BE62-57BD-3979-B076-F2BF75380578}
	EndProjectSection
EndProject
Project("{8BC9CEB8-8B4A-11D0-8D11-00A0C91BC942}") = "rail-client", "channels\rail\client\rail-client.vcxproj", "{EE0A8970-1DE4-390F-A7C0-0790E2B11C64}"
	ProjectSection(ProjectDependencies) = postProject
		{96D95FD1-B2B2-328B-930D-43DFCCB3014C} = {96D95FD1-B2B2-328B-930D-43DFCCB3014C}
		{40D6BE62-57BD-3979-B076-F2BF75380578} = {40D6BE62-57BD-3979-B076-F2BF75380578}
	EndProjectSection
EndProject
Project("{8BC9CEB8-8B4A-11D0-8D11-00A0C91BC942}") = "rdpdr-client", "channels\rdpdr\client\rdpdr-client.vcxproj", "{7A66883B-AA95-34EC-B235-93FE11EB805D}"
	ProjectSection(ProjectDependencies) = postProject
		{96D95FD1-B2B2-328B-930D-43DFCCB3014C} = {96D95FD1-B2B2-328B-930D-43DFCCB3014C}
		{40D6BE62-57BD-3979-B076-F2BF75380578} = {40D6BE62-57BD-3979-B076-F2BF75380578}
	EndProjectSection
EndProject
Project("{8BC9CEB8-8B4A-11D0-8D11-00A0C91BC942}") = "rdpei-client", "channels\rdpei\client\rdpei-client.vcxproj", "{1B78BCE3-967C-3674-939D-FAE1351022C0}"
	ProjectSection(ProjectDependencies) = postProject
		{96D95FD1-B2B2-328B-930D-43DFCCB3014C} = {96D95FD1-B2B2-328B-930D-43DFCCB3014C}
		{40D6BE62-57BD-3979-B076-F2BF75380578} = {40D6BE62-57BD-3979-B076-F2BF75380578}
	EndProjectSection
EndProject
Project("{8BC9CEB8-8B4A-11D0-8D11-00A0C91BC942}") = "rdpgfx-client", "channels\rdpgfx\client\rdpgfx-client.vcxproj", "{5DFF08FF-3682-300D-83BA-962E67D8A902}"
	ProjectSection(ProjectDependencies) = postProject
		{96D95FD1-B2B2-328B-930D-43DFCCB3014C} = {96D95FD1-B2B2-328B-930D-43DFCCB3014C}
		{40D6BE62-57BD-3979-B076-F2BF75380578} = {40D6BE62-57BD-3979-B076-F2BF75380578}
	EndProjectSection
EndProject
Project("{8BC9CEB8-8B4A-11D0-8D11-00A0C91BC942}") = "rdpsnd-client", "channels\rdpsnd\client\rdpsnd-client.vcxproj", "{2FEF047E-7A6C-3C23-AA78-42E7AD6F0BB0}"
	ProjectSection(ProjectDependencies) = postProject
		{96D95FD1-B2B2-328B-930D-43DFCCB3014C} = {96D95FD1-B2B2-328B-930D-43DFCCB3014C}
		{40D6BE62-57BD-3979-B076-F2BF75380578} = {40D6BE62-57BD-3979-B076-F2BF75380578}
	EndProjectSection
EndProject
Project("{8BC9CEB8-8B4A-11D0-8D11-00A0C91BC942}") = "rdpsnd-client-winmm", "channels\rdpsnd\client\winmm\rdpsnd-client-winmm.vcxproj", "{6218CC44-CDA4-354E-A5D8-4AC3C054B9F9}"
	ProjectSection(ProjectDependencies) = postProject
		{96D95FD1-B2B2-328B-930D-43DFCCB3014C} = {96D95FD1-B2B2-328B-930D-43DFCCB3014C}
		{40D6BE62-57BD-3979-B076-F2BF75380578} = {40D6BE62-57BD-3979-B076-F2BF75380578}
	EndProjectSection
EndProject
Project("{8BC9CEB8-8B4A-11D0-8D11-00A0C91BC942}") = "rdtk", "rdtk\librdtk\rdtk.vcxproj", "{AB0202E3-6778-31FD-A0F5-889F633104A6}"
	ProjectSection(ProjectDependencies) = postProject
		{96D95FD1-B2B2-328B-930D-43DFCCB3014C} = {96D95FD1-B2B2-328B-930D-43DFCCB3014C}
		{40D6BE62-57BD-3979-B076-F2BF75380578} = {40D6BE62-57BD-3979-B076-F2BF75380578}
	EndProjectSection
EndProject
Project("{8BC9CEB8-8B4A-11D0-8D11-00A0C91BC942}") = "remdesk-client", "channels\remdesk\client\remdesk-client.vcxproj", "{AD613F7E-04A6-3006-944F-4DC9F8AC17CD}"
	ProjectSection(ProjectDependencies) = postProject
	EndProjectSection
EndProject
Project("{8BC9CEB8-8B4A-11D0-8D11-00A0C91BC942}") = "smartcard-client", "channels\smartcard\client\smartcard-client.vcxproj", "{9DC278C3-178E-320B-8450-EB14AF2BCCA9}"
	ProjectSection(ProjectDependencies) = postProject
		{96D95FD1-B2B2-328B-930D-43DFCCB3014C} = {96D95FD1-B2B2-328B-930D-43DFCCB3014C}
		{40D6BE62-57BD-3979-B076-F2BF75380578} = {40D6BE62-57BD-3979-B076-F2BF75380578}
	EndProjectSection
EndProject
Project("{8BC9CEB8-8B4A-11D0-8D11-00A0C91BC942}") = "wfreerdp", "client\Windows\cli\wfreerdp.vcxproj", "{BC8D0F18-77B2-3877-9CAA-DF714B48068B}"
	ProjectSection(ProjectDependencies) = postProject
		{A239AFCA-DF0C-3D25-91F7-F47CDD5A27D2} = {A239AFCA-DF0C-3D25-91F7-F47CDD5A27D2}
		{E696F32B-DD35-3DC8-98F9-7C286EA54D82} = {E696F32B-DD35-3DC8-98F9-7C286EA54D82}
		{E3A181B7-412C-3976-886D-07CFE1D7AA5A} = {E3A181B7-412C-3976-886D-07CFE1D7AA5A}
		{E570CFF8-ABA0-39F4-AEE6-106A1E34AF2D} = {E570CFF8-ABA0-39F4-AEE6-106A1E34AF2D}
		{27BFF98F-1500-34CF-B896-2C7B796C592F} = {27BFF98F-1500-34CF-B896-2C7B796C592F}
		{1FA292D1-B174-3967-B8D5-AF75EA135DBD} = {1FA292D1-B174-3967-B8D5-AF75EA135DBD}
		{D693A80A-8107-3055-8144-E95F66A08C07} = {D693A80A-8107-3055-8144-E95F66A08C07}
		{84FA65FE-5695-3D00-BD33-09718DA8F11B} = {84FA65FE-5695-3D00-BD33-09718DA8F11B}
		{96D95FD1-B2B2-328B-930D-43DFCCB3014C} = {96D95FD1-B2B2-328B-930D-43DFCCB3014C}
		{F87FB555-8D17-3B11-93CD-9BA9480C50E7} = {F87FB555-8D17-3B11-93CD-9BA9480C50E7}
		{64581704-3605-3889-A1AB-4256E5687B13} = {64581704-3605-3889-A1AB-4256E5687B13}
		{EE0A8970-1DE4-390F-A7C0-0790E2B11C64} = {EE0A8970-1DE4-390F-A7C0-0790E2B11C64}
		{7A66883B-AA95-34EC-B235-93FE11EB805D} = {7A66883B-AA95-34EC-B235-93FE11EB805D}
		{1B78BCE3-967C-3674-939D-FAE1351022C0} = {1B78BCE3-967C-3674-939D-FAE1351022C0}
		{5DFF08FF-3682-300D-83BA-962E67D8A902} = {5DFF08FF-3682-300D-83BA-962E67D8A902}
		{2FEF047E-7A6C-3C23-AA78-42E7AD6F0BB0} = {2FEF047E-7A6C-3C23-AA78-42E7AD6F0BB0}
		{6218CC44-CDA4-354E-A5D8-4AC3C054B9F9} = {6218CC44-CDA4-354E-A5D8-4AC3C054B9F9}
		{AD613F7E-04A6-3006-944F-4DC9F8AC17CD} = {AD613F7E-04A6-3006-944F-4DC9F8AC17CD}
		{9DC278C3-178E-320B-8450-EB14AF2BCCA9} = {9DC278C3-178E-320B-8450-EB14AF2BCCA9}
		{D5521D76-CD98-36CD-945A-316DC19141D6} = {D5521D76-CD98-36CD-945A-316DC19141D6}
		{40D6BE62-57BD-3979-B076-F2BF75380578} = {40D6BE62-57BD-3979-B076-F2BF75380578}
	EndProjectSection
EndProject
Project("{8BC9CEB8-8B4A-11D0-8D11-00A0C91BC942}") = "wfreerdp-client", "client\Windows\wfreerdp-client.vcxproj", "{D5521D76-CD98-36CD-945A-316DC19141D6}"
	ProjectSection(ProjectDependencies) = postProject
		{A239AFCA-DF0C-3D25-91F7-F47CDD5A27D2} = {A239AFCA-DF0C-3D25-91F7-F47CDD5A27D2}
		{E696F32B-DD35-3DC8-98F9-7C286EA54D82} = {E696F32B-DD35-3DC8-98F9-7C286EA54D82}
		{E3A181B7-412C-3976-886D-07CFE1D7AA5A} = {E3A181B7-412C-3976-886D-07CFE1D7AA5A}
		{E570CFF8-ABA0-39F4-AEE6-106A1E34AF2D} = {E570CFF8-ABA0-39F4-AEE6-106A1E34AF2D}
		{27BFF98F-1500-34CF-B896-2C7B796C592F} = {27BFF98F-1500-34CF-B896-2C7B796C592F}
		{1FA292D1-B174-3967-B8D5-AF75EA135DBD} = {1FA292D1-B174-3967-B8D5-AF75EA135DBD}
		{D693A80A-8107-3055-8144-E95F66A08C07} = {D693A80A-8107-3055-8144-E95F66A08C07}
		{84FA65FE-5695-3D00-BD33-09718DA8F11B} = {84FA65FE-5695-3D00-BD33-09718DA8F11B}
		{96D95FD1-B2B2-328B-930D-43DFCCB3014C} = {96D95FD1-B2B2-328B-930D-43DFCCB3014C}
		{F87FB555-8D17-3B11-93CD-9BA9480C50E7} = {F87FB555-8D17-3B11-93CD-9BA9480C50E7}
		{64581704-3605-3889-A1AB-4256E5687B13} = {64581704-3605-3889-A1AB-4256E5687B13}
		{EE0A8970-1DE4-390F-A7C0-0790E2B11C64} = {EE0A8970-1DE4-390F-A7C0-0790E2B11C64}
		{7A66883B-AA95-34EC-B235-93FE11EB805D} = {7A66883B-AA95-34EC-B235-93FE11EB805D}
		{1B78BCE3-967C-3674-939D-FAE1351022C0} = {1B78BCE3-967C-3674-939D-FAE1351022C0}
		{5DFF08FF-3682-300D-83BA-962E67D8A902} = {5DFF08FF-3682-300D-83BA-962E67D8A902}
		{2FEF047E-7A6C-3C23-AA78-42E7AD6F0BB0} = {2FEF047E-7A6C-3C23-AA78-42E7AD6F0BB0}
		{6218CC44-CDA4-354E-A5D8-4AC3C054B9F9} = {6218CC44-CDA4-354E-A5D8-4AC3C054B9F9}
		{AD613F7E-04A6-3006-944F-4DC9F8AC17CD} = {AD613F7E-04A6-3006-944F-4DC9F8AC17CD}
		{9DC278C3-178E-320B-8450-EB14AF2BCCA9} = {9DC278C3-178E-320B-8450-EB14AF2BCCA9}
		{40D6BE62-57BD-3979-B076-F2BF75380578} = {40D6BE62-57BD-3979-B076-F2BF75380578}
	EndProjectSection
EndProject
Project("{8BC9CEB8-8B4A-11D0-8D11-00A0C91BC942}") = "winpr", "winpr\libwinpr\winpr.vcxproj", "{40D6BE62-57BD-3979-B076-F2BF75380578}"
	ProjectSection(ProjectDependencies) = postProject
	EndProjectSection
EndProject
Project("{8BC9CEB8-8B4A-11D0-8D11-00A0C91BC942}") = "winpr-hash", "winpr\tools\hash\winpr-hash.vcxproj", "{DE21EFB9-C168-3342-BB4E-4026234A0F3A}"
	ProjectSection(ProjectDependencies) = postProject
		{40D6BE62-57BD-3979-B076-F2BF75380578} = {40D6BE62-57BD-3979-B076-F2BF75380578}
	EndProjectSection
EndProject
Project("{8BC9CEB8-8B4A-11D0-8D11-00A0C91BC942}") = "winpr-makecert", "winpr\tools\makecert\cli\winpr-makecert.vcxproj", "{4B22632B-DDA6-3757-8B47-659C47EA81E5}"
	ProjectSection(ProjectDependencies) = postProject
		{40D6BE62-57BD-3979-B076-F2BF75380578} = {40D6BE62-57BD-3979-B076-F2BF75380578}
		{D82B467A-31AD-317D-921A-E1B471E67CE4} = {D82B467A-31AD-317D-921A-E1B471E67CE4}
	EndProjectSection
EndProject
Project("{8BC9CEB8-8B4A-11D0-8D11-00A0C91BC942}") = "winpr-makecert-tool", "winpr\tools\makecert\winpr-makecert-tool.vcxproj", "{D82B467A-31AD-317D-921A-E1B471E67CE4}"
	ProjectSection(ProjectDependencies) = postProject
		{40D6BE62-57BD-3979-B076-F2BF75380578} = {40D6BE62-57BD-3979-B076-F2BF75380578}
	EndProjectSection
EndProject
Project("{2150E333-8FDC-42A3-9474-1A3956D46DE8}") = "CMakePredefinedTargets", "CMakePredefinedTargets", "{84A27479-A78E-3AC0-8190-451CC56862CF}"
EndProject
Project("{2150E333-8FDC-42A3-9474-1A3956D46DE8}") = "Channels", "Channels", "{9DF3813D-4A22-317A-B68F-E06F7732F03D}"
EndProject
Project("{2150E333-8FDC-42A3-9474-1A3956D46DE8}") = "audin", "Channels\audin", "{51D4F33F-ADA8-3BB8-88C1-D2FCD3C35CAD}"
EndProject
Project("{2150E333-8FDC-42A3-9474-1A3956D46DE8}") = "Client", "Channels\audin\Client", "{B4D398D8-9DD7-3AB8-968F-8F6CB2C5F777}"
EndProject
Project("{2150E333-8FDC-42A3-9474-1A3956D46DE8}") = "winmm", "Channels\audin\Client\winmm", "{B0E16977-6F88-384C-8AFA-BF63246A5362}"
EndProject
Project("{2150E333-8FDC-42A3-9474-1A3956D46DE8}") = "cliprdr", "Channels\cliprdr", "{19E1464B-589E-39FF-B33B-94E24D89E876}"
EndProject
Project("{2150E333-8FDC-42A3-9474-1A3956D46DE8}") = "Client", "Channels\cliprdr\Client", "{11828686-03C7-385E-B535-90AC39678F06}"
EndProject
Project("{2150E333-8FDC-42A3-9474-1A3956D46DE8}") = "disp", "Channels\disp", "{17110ABF-1229-3074-9C01-6D28631E8293}"
EndProject
Project("{2150E333-8FDC-42A3-9474-1A3956D46DE8}") = "Client", "Channels\disp\Client", "{4F424412-F86C-3138-A832-1196B66035F0}"
EndProject
Project("{2150E333-8FDC-42A3-9474-1A3956D46DE8}") = "drdynvc", "Channels\drdynvc", "{346FC325-458D-3391-B5BE-857B7FDAA05B}"
EndProject
Project("{2150E333-8FDC-42A3-9474-1A3956D46DE8}") = "Client", "Channels\drdynvc\Client", "{3A0FD0CA-D24E-37C3-8D80-359D33905CB8}"
EndProject
Project("{2150E333-8FDC-42A3-9474-1A3956D46DE8}") = "drive", "Channels\drive", "{55163650-270A-3C2B-B49C-36344769E5BD}"
EndProject
Project("{2150E333-8FDC-42A3-9474-1A3956D46DE8}") = "Client", "Channels\drive\Client", "{DA5ABD42-3CC4-35FA-89D0-FC221710882A}"
EndProject
Project("{2150E333-8FDC-42A3-9474-1A3956D46DE8}") = "echo", "Channels\echo", "{DD2991B8-DA92-32F5-A2E6-5F78C7972B42}"
EndProject
Project("{2150E333-8FDC-42A3-9474-1A3956D46DE8}") = "Client", "Channels\echo\Client", "{F5988C11-61E3-3C03-AACB-619A452A7A37}"
EndProject
Project("{2150E333-8FDC-42A3-9474-1A3956D46DE8}") = "encomsp", "Channels\encomsp", "{4134270C-085D-3D5D-84D2-F0D5EE199E41}"
EndProject
Project("{2150E333-8FDC-42A3-9474-1A3956D46DE8}") = "Client", "Channels\encomsp\Client", "{4988BF1B-CF2E-334E-B809-7B6C2F6B0E96}"
EndProject
Project("{2150E333-8FDC-42A3-9474-1A3956D46DE8}") = "printer", "Channels\printer", "{4D63AA8A-B517-3B1B-91F0-DBD914B94D5C}"
EndProject
Project("{2150E333-8FDC-42A3-9474-1A3956D46DE8}") = "Client", "Channels\printer\Client", "{40563ABD-0E9A-3A00-9716-8BC305AE211D}"
EndProject
Project("{2150E333-8FDC-42A3-9474-1A3956D46DE8}") = "rail", "Channels\rail", "{389E891A-3DC7-3861-9D8D-CD684DA8AFC0}"
EndProject
Project("{2150E333-8FDC-42A3-9474-1A3956D46DE8}") = "Client", "Channels\rail\Client", "{F39A07B9-B9C6-319E-AEE8-5CBDC9F84999}"
EndProject
Project("{2150E333-8FDC-42A3-9474-1A3956D46DE8}") = "rdpdr", "Channels\rdpdr", "{581A8FCA-5C05-311E-B99B-B3A7B79C65B8}"
EndProject
Project("{2150E333-8FDC-42A3-9474-1A3956D46DE8}") = "Client", "Channels\rdpdr\Client", "{E89F8343-D86B-3545-91D3-31278E2B8B84}"
EndProject
Project("{2150E333-8FDC-42A3-9474-1A3956D46DE8}") = "rdpei", "Channels\rdpei", "{03E19A45-1427-3E92-9879-2663C8BB19EB}"
EndProject
Project("{2150E333-8FDC-42A3-9474-1A3956D46DE8}") = "Client", "Channels\rdpei\Client", "{E5F45056-D1C0-3DF7-AB6A-2E68F13A6CC3}"
EndProject
Project("{2150E333-8FDC-42A3-9474-1A3956D46DE8}") = "rdpgfx", "Channels\rdpgfx", "{80E4C9AC-C2FC-31D4-B68A-2A3A633A9C37}"
EndProject
Project("{2150E333-8FDC-42A3-9474-1A3956D46DE8}") = "Client", "Channels\rdpgfx\Client", "{59150C6A-8E80-38E4-AA60-A124FB955C4E}"
EndProject
Project("{2150E333-8FDC-42A3-9474-1A3956D46DE8}") = "rdpsnd", "Channels\rdpsnd", "{99736D39-7D3D-33DC-AED3-DE909170FEC5}"
EndProject
Project("{2150E333-8FDC-42A3-9474-1A3956D46DE8}") = "Client", "Channels\rdpsnd\Client", "{83B7A1C8-217A-3937-A03F-9849CD55A916}"
EndProject
Project("{2150E333-8FDC-42A3-9474-1A3956D46DE8}") = "WinMM", "Channels\rdpsnd\Client\WinMM", "{F105EDC7-53D6-390C-AF9B-DBA2F8158C90}"
EndProject
Project("{2150E333-8FDC-42A3-9474-1A3956D46DE8}") = "remdesk", "Channels\remdesk", "{AA7462FC-CC32-37AB-B8B1-6BE988F7CDEF}"
EndProject
Project("{2150E333-8FDC-42A3-9474-1A3956D46DE8}") = "Client", "Channels\remdesk\Client", "{FAA495EB-48D0-3BC9-894A-951C0747DC16}"
EndProject
Project("{2150E333-8FDC-42A3-9474-1A3956D46DE8}") = "smartcard", "Channels\smartcard", "{12A73345-67FB-39B9-BEEE-D2E938E49664}"
EndProject
Project("{2150E333-8FDC-42A3-9474-1A3956D46DE8}") = "Client", "Channels\smartcard\Client", "{FDACE076-36E7-3263-9EBF-52AF399F9244}"
EndProject
Project("{2150E333-8FDC-42A3-9474-1A3956D46DE8}") = "Client", "Client", "{89CEF66A-5126-3BF7-B783-CAF1B3387D87}"
EndProject
Project("{2150E333-8FDC-42A3-9474-1A3956D46DE8}") = "Common", "Client\Common", "{F0367923-B49E-34A9-8E93-0E53D411CCF6}"
EndProject
Project("{2150E333-8FDC-42A3-9474-1A3956D46DE8}") = "Windows", "Client\Windows", "{896684A5-4BC1-32DC-A4D2-FE1691470BDA}"
EndProject
Project("{2150E333-8FDC-42A3-9474-1A3956D46DE8}") = "FreeRDP", "FreeRDP", "{DFD036C1-47C4-398F-96A9-EC5ED2B24A7E}"
EndProject
Project("{2150E333-8FDC-42A3-9474-1A3956D46DE8}") = "libfreerdp", "FreeRDP\libfreerdp", "{4BD45CD2-82B3-3E02-B0D7-7A155FC5721F}"
EndProject
Project("{2150E333-8FDC-42A3-9474-1A3956D46DE8}") = "RdTk", "RdTk", "{D9D5AA92-5B66-3BC8-8752-1FA65DA8F21C}"
EndProject
Project("{2150E333-8FDC-42A3-9474-1A3956D46DE8}") = "WinPR", "WinPR", "{816A634C-2417-3CBB-A6B0-1A243E2E36B2}"
EndProject
Project("{2150E333-8FDC-42A3-9474-1A3956D46DE8}") = "Tools", "WinPR\Tools", "{4105CB75-1D8A-3095-BD4E-E08115F32FDB}"
EndProject
Project("{2150E333-8FDC-42A3-9474-1A3956D46DE8}") = "libwinpr", "WinPR\libwinpr", "{0B6FFBC0-D8A5-3E24-9136-303124B32395}"
EndProject
Global
	GlobalSection(SolutionConfigurationPlatforms) = preSolution
		Debug|x64 = Debug|x64
		Release|x64 = Release|x64
		MinSizeRel|x64 = MinSizeRel|x64
		RelWithDebInfo|x64 = RelWithDebInfo|x64
	EndGlobalSection
	GlobalSection(ProjectConfigurationPlatforms) = postSolution
		{60658AC9-018F-325E-B976-CB186CC78C57}.Debug|x64.ActiveCfg = Debug|x64
		{60658AC9-018F-325E-B976-CB186CC78C57}.Debug|x64.Build.0 = Debug|x64
		{60658AC9-018F-325E-B976-CB186CC78C57}.Release|x64.ActiveCfg = Release|x64
		{60658AC9-018F-325E-B976-CB186CC78C57}.Release|x64.Build.0 = Release|x64
		{60658AC9-018F-325E-B976-CB186CC78C57}.MinSizeRel|x64.ActiveCfg = MinSizeRel|x64
		{60658AC9-018F-325E-B976-CB186CC78C57}.MinSizeRel|x64.Build.0 = MinSizeRel|x64
		{60658AC9-018F-325E-B976-CB186CC78C57}.RelWithDebInfo|x64.ActiveCfg = RelWithDebInfo|x64
		{60658AC9-018F-325E-B976-CB186CC78C57}.RelWithDebInfo|x64.Build.0 = RelWithDebInfo|x64
		{E4B1C2DB-2206-38DB-B9EA-83AF2980D49C}.Debug|x64.ActiveCfg = Debug|x64
		{E4B1C2DB-2206-38DB-B9EA-83AF2980D49C}.Release|x64.ActiveCfg = Release|x64
		{E4B1C2DB-2206-38DB-B9EA-83AF2980D49C}.MinSizeRel|x64.ActiveCfg = MinSizeRel|x64
		{E4B1C2DB-2206-38DB-B9EA-83AF2980D49C}.RelWithDebInfo|x64.ActiveCfg = RelWithDebInfo|x64
		{F153BD52-72A9-3938-97DD-8FD294C02D64}.Debug|x64.ActiveCfg = Debug|x64
		{F153BD52-72A9-3938-97DD-8FD294C02D64}.Release|x64.ActiveCfg = Release|x64
		{F153BD52-72A9-3938-97DD-8FD294C02D64}.MinSizeRel|x64.ActiveCfg = MinSizeRel|x64
		{F153BD52-72A9-3938-97DD-8FD294C02D64}.RelWithDebInfo|x64.ActiveCfg = RelWithDebInfo|x64
		{A239AFCA-DF0C-3D25-91F7-F47CDD5A27D2}.Debug|x64.ActiveCfg = Debug|x64
		{A239AFCA-DF0C-3D25-91F7-F47CDD5A27D2}.Debug|x64.Build.0 = Debug|x64
		{A239AFCA-DF0C-3D25-91F7-F47CDD5A27D2}.Release|x64.ActiveCfg = Release|x64
		{A239AFCA-DF0C-3D25-91F7-F47CDD5A27D2}.Release|x64.Build.0 = Release|x64
		{A239AFCA-DF0C-3D25-91F7-F47CDD5A27D2}.MinSizeRel|x64.ActiveCfg = MinSizeRel|x64
		{A239AFCA-DF0C-3D25-91F7-F47CDD5A27D2}.MinSizeRel|x64.Build.0 = MinSizeRel|x64
		{A239AFCA-DF0C-3D25-91F7-F47CDD5A27D2}.RelWithDebInfo|x64.ActiveCfg = RelWithDebInfo|x64
		{A239AFCA-DF0C-3D25-91F7-F47CDD5A27D2}.RelWithDebInfo|x64.Build.0 = RelWithDebInfo|x64
		{E696F32B-DD35-3DC8-98F9-7C286EA54D82}.Debug|x64.ActiveCfg = Debug|x64
		{E696F32B-DD35-3DC8-98F9-7C286EA54D82}.Debug|x64.Build.0 = Debug|x64
		{E696F32B-DD35-3DC8-98F9-7C286EA54D82}.Release|x64.ActiveCfg = Release|x64
		{E696F32B-DD35-3DC8-98F9-7C286EA54D82}.Release|x64.Build.0 = Release|x64
		{E696F32B-DD35-3DC8-98F9-7C286EA54D82}.MinSizeRel|x64.ActiveCfg = MinSizeRel|x64
		{E696F32B-DD35-3DC8-98F9-7C286EA54D82}.MinSizeRel|x64.Build.0 = MinSizeRel|x64
		{E696F32B-DD35-3DC8-98F9-7C286EA54D82}.RelWithDebInfo|x64.ActiveCfg = RelWithDebInfo|x64
		{E696F32B-DD35-3DC8-98F9-7C286EA54D82}.RelWithDebInfo|x64.Build.0 = RelWithDebInfo|x64
		{E3A181B7-412C-3976-886D-07CFE1D7AA5A}.Debug|x64.ActiveCfg = Debug|x64
		{E3A181B7-412C-3976-886D-07CFE1D7AA5A}.Debug|x64.Build.0 = Debug|x64
		{E3A181B7-412C-3976-886D-07CFE1D7AA5A}.Release|x64.ActiveCfg = Release|x64
		{E3A181B7-412C-3976-886D-07CFE1D7AA5A}.Release|x64.Build.0 = Release|x64
		{E3A181B7-412C-3976-886D-07CFE1D7AA5A}.MinSizeRel|x64.ActiveCfg = MinSizeRel|x64
		{E3A181B7-412C-3976-886D-07CFE1D7AA5A}.MinSizeRel|x64.Build.0 = MinSizeRel|x64
		{E3A181B7-412C-3976-886D-07CFE1D7AA5A}.RelWithDebInfo|x64.ActiveCfg = RelWithDebInfo|x64
		{E3A181B7-412C-3976-886D-07CFE1D7AA5A}.RelWithDebInfo|x64.Build.0 = RelWithDebInfo|x64
		{E570CFF8-ABA0-39F4-AEE6-106A1E34AF2D}.Debug|x64.ActiveCfg = Debug|x64
		{E570CFF8-ABA0-39F4-AEE6-106A1E34AF2D}.Debug|x64.Build.0 = Debug|x64
		{E570CFF8-ABA0-39F4-AEE6-106A1E34AF2D}.Release|x64.ActiveCfg = Release|x64
		{E570CFF8-ABA0-39F4-AEE6-106A1E34AF2D}.Release|x64.Build.0 = Release|x64
		{E570CFF8-ABA0-39F4-AEE6-106A1E34AF2D}.MinSizeRel|x64.ActiveCfg = MinSizeRel|x64
		{E570CFF8-ABA0-39F4-AEE6-106A1E34AF2D}.MinSizeRel|x64.Build.0 = MinSizeRel|x64
		{E570CFF8-ABA0-39F4-AEE6-106A1E34AF2D}.RelWithDebInfo|x64.ActiveCfg = RelWithDebInfo|x64
		{E570CFF8-ABA0-39F4-AEE6-106A1E34AF2D}.RelWithDebInfo|x64.Build.0 = RelWithDebInfo|x64
		{27BFF98F-1500-34CF-B896-2C7B796C592F}.Debug|x64.ActiveCfg = Debug|x64
		{27BFF98F-1500-34CF-B896-2C7B796C592F}.Debug|x64.Build.0 = Debug|x64
		{27BFF98F-1500-34CF-B896-2C7B796C592F}.Release|x64.ActiveCfg = Release|x64
		{27BFF98F-1500-34CF-B896-2C7B796C592F}.Release|x64.Build.0 = Release|x64
		{27BFF98F-1500-34CF-B896-2C7B796C592F}.MinSizeRel|x64.ActiveCfg = MinSizeRel|x64
		{27BFF98F-1500-34CF-B896-2C7B796C592F}.MinSizeRel|x64.Build.0 = MinSizeRel|x64
		{27BFF98F-1500-34CF-B896-2C7B796C592F}.RelWithDebInfo|x64.ActiveCfg = RelWithDebInfo|x64
		{27BFF98F-1500-34CF-B896-2C7B796C592F}.RelWithDebInfo|x64.Build.0 = RelWithDebInfo|x64
		{1FA292D1-B174-3967-B8D5-AF75EA135DBD}.Debug|x64.ActiveCfg = Debug|x64
		{1FA292D1-B174-3967-B8D5-AF75EA135DBD}.Debug|x64.Build.0 = Debug|x64
		{1FA292D1-B174-3967-B8D5-AF75EA135DBD}.Release|x64.ActiveCfg = Release|x64
		{1FA292D1-B174-3967-B8D5-AF75EA135DBD}.Release|x64.Build.0 = Release|x64
		{1FA292D1-B174-3967-B8D5-AF75EA135DBD}.MinSizeRel|x64.ActiveCfg = MinSizeRel|x64
		{1FA292D1-B174-3967-B8D5-AF75EA135DBD}.MinSizeRel|x64.Build.0 = MinSizeRel|x64
		{1FA292D1-B174-3967-B8D5-AF75EA135DBD}.RelWithDebInfo|x64.ActiveCfg = RelWithDebInfo|x64
		{1FA292D1-B174-3967-B8D5-AF75EA135DBD}.RelWithDebInfo|x64.Build.0 = RelWithDebInfo|x64
		{D693A80A-8107-3055-8144-E95F66A08C07}.Debug|x64.ActiveCfg = Debug|x64
		{D693A80A-8107-3055-8144-E95F66A08C07}.Debug|x64.Build.0 = Debug|x64
		{D693A80A-8107-3055-8144-E95F66A08C07}.Release|x64.ActiveCfg = Release|x64
		{D693A80A-8107-3055-8144-E95F66A08C07}.Release|x64.Build.0 = Release|x64
		{D693A80A-8107-3055-8144-E95F66A08C07}.MinSizeRel|x64.ActiveCfg = MinSizeRel|x64
		{D693A80A-8107-3055-8144-E95F66A08C07}.MinSizeRel|x64.Build.0 = MinSizeRel|x64
		{D693A80A-8107-3055-8144-E95F66A08C07}.RelWithDebInfo|x64.ActiveCfg = RelWithDebInfo|x64
		{D693A80A-8107-3055-8144-E95F66A08C07}.RelWithDebInfo|x64.Build.0 = RelWithDebInfo|x64
		{84FA65FE-5695-3D00-BD33-09718DA8F11B}.Debug|x64.ActiveCfg = Debug|x64
		{84FA65FE-5695-3D00-BD33-09718DA8F11B}.Debug|x64.Build.0 = Debug|x64
		{84FA65FE-5695-3D00-BD33-09718DA8F11B}.Release|x64.ActiveCfg = Release|x64
		{84FA65FE-5695-3D00-BD33-09718DA8F11B}.Release|x64.Build.0 = Release|x64
		{84FA65FE-5695-3D00-BD33-09718DA8F11B}.MinSizeRel|x64.ActiveCfg = MinSizeRel|x64
		{84FA65FE-5695-3D00-BD33-09718DA8F11B}.MinSizeRel|x64.Build.0 = MinSizeRel|x64
		{84FA65FE-5695-3D00-BD33-09718DA8F11B}.RelWithDebInfo|x64.ActiveCfg = RelWithDebInfo|x64
		{84FA65FE-5695-3D00-BD33-09718DA8F11B}.RelWithDebInfo|x64.Build.0 = RelWithDebInfo|x64
		{96D95FD1-B2B2-328B-930D-43DFCCB3014C}.Debug|x64.ActiveCfg = Debug|x64
		{96D95FD1-B2B2-328B-930D-43DFCCB3014C}.Debug|x64.Build.0 = Debug|x64
		{96D95FD1-B2B2-328B-930D-43DFCCB3014C}.Release|x64.ActiveCfg = Release|x64
		{96D95FD1-B2B2-328B-930D-43DFCCB3014C}.Release|x64.Build.0 = Release|x64
		{96D95FD1-B2B2-328B-930D-43DFCCB3014C}.MinSizeRel|x64.ActiveCfg = MinSizeRel|x64
		{96D95FD1-B2B2-328B-930D-43DFCCB3014C}.MinSizeRel|x64.Build.0 = MinSizeRel|x64
		{96D95FD1-B2B2-328B-930D-43DFCCB3014C}.RelWithDebInfo|x64.ActiveCfg = RelWithDebInfo|x64
		{96D95FD1-B2B2-328B-930D-43DFCCB3014C}.RelWithDebInfo|x64.Build.0 = RelWithDebInfo|x64
		{F87FB555-8D17-3B11-93CD-9BA9480C50E7}.Debug|x64.ActiveCfg = Debug|x64
		{F87FB555-8D17-3B11-93CD-9BA9480C50E7}.Debug|x64.Build.0 = Debug|x64
		{F87FB555-8D17-3B11-93CD-9BA9480C50E7}.Release|x64.ActiveCfg = Release|x64
		{F87FB555-8D17-3B11-93CD-9BA9480C50E7}.Release|x64.Build.0 = Release|x64
		{F87FB555-8D17-3B11-93CD-9BA9480C50E7}.MinSizeRel|x64.ActiveCfg = MinSizeRel|x64
		{F87FB555-8D17-3B11-93CD-9BA9480C50E7}.MinSizeRel|x64.Build.0 = MinSizeRel|x64
		{F87FB555-8D17-3B11-93CD-9BA9480C50E7}.RelWithDebInfo|x64.ActiveCfg = RelWithDebInfo|x64
		{F87FB555-8D17-3B11-93CD-9BA9480C50E7}.RelWithDebInfo|x64.Build.0 = RelWithDebInfo|x64
		{64581704-3605-3889-A1AB-4256E5687B13}.Debug|x64.ActiveCfg = Debug|x64
		{64581704-3605-3889-A1AB-4256E5687B13}.Debug|x64.Build.0 = Debug|x64
		{64581704-3605-3889-A1AB-4256E5687B13}.Release|x64.ActiveCfg = Release|x64
		{64581704-3605-3889-A1AB-4256E5687B13}.Release|x64.Build.0 = Release|x64
		{64581704-3605-3889-A1AB-4256E5687B13}.MinSizeRel|x64.ActiveCfg = MinSizeRel|x64
		{64581704-3605-3889-A1AB-4256E5687B13}.MinSizeRel|x64.Build.0 = MinSizeRel|x64
		{64581704-3605-3889-A1AB-4256E5687B13}.RelWithDebInfo|x64.ActiveCfg = RelWithDebInfo|x64
		{64581704-3605-3889-A1AB-4256E5687B13}.RelWithDebInfo|x64.Build.0 = RelWithDebInfo|x64
		{EE0A8970-1DE4-390F-A7C0-0790E2B11C64}.Debug|x64.ActiveCfg = Debug|x64
		{EE0A8970-1DE4-390F-A7C0-0790E2B11C64}.Debug|x64.Build.0 = Debug|x64
		{EE0A8970-1DE4-390F-A7C0-0790E2B11C64}.Release|x64.ActiveCfg = Release|x64
		{EE0A8970-1DE4-390F-A7C0-0790E2B11C64}.Release|x64.Build.0 = Release|x64
		{EE0A8970-1DE4-390F-A7C0-0790E2B11C64}.MinSizeRel|x64.ActiveCfg = MinSizeRel|x64
		{EE0A8970-1DE4-390F-A7C0-0790E2B11C64}.MinSizeRel|x64.Build.0 = MinSizeRel|x64
		{EE0A8970-1DE4-390F-A7C0-0790E2B11C64}.RelWithDebInfo|x64.ActiveCfg = RelWithDebInfo|x64
		{EE0A8970-1DE4-390F-A7C0-0790E2B11C64}.RelWithDebInfo|x64.Build.0 = RelWithDebInfo|x64
		{7A66883B-AA95-34EC-B235-93FE11EB805D}.Debug|x64.ActiveCfg = Debug|x64
		{7A66883B-AA95-34EC-B235-93FE11EB805D}.Debug|x64.Build.0 = Debug|x64
		{7A66883B-AA95-34EC-B235-93FE11EB805D}.Release|x64.ActiveCfg = Release|x64
		{7A66883B-AA95-34EC-B235-93FE11EB805D}.Release|x64.Build.0 = Release|x64
		{7A66883B-AA95-34EC-B235-93FE11EB805D}.MinSizeRel|x64.ActiveCfg = MinSizeRel|x64
		{7A66883B-AA95-34EC-B235-93FE11EB805D}.MinSizeRel|x64.Build.0 = MinSizeRel|x64
		{7A66883B-AA95-34EC-B235-93FE11EB805D}.RelWithDebInfo|x64.ActiveCfg = RelWithDebInfo|x64
		{7A66883B-AA95-34EC-B235-93FE11EB805D}.RelWithDebInfo|x64.Build.0 = RelWithDebInfo|x64
		{1B78BCE3-967C-3674-939D-FAE1351022C0}.Debug|x64.ActiveCfg = Debug|x64
		{1B78BCE3-967C-3674-939D-FAE1351022C0}.Debug|x64.Build.0 = Debug|x64
		{1B78BCE3-967C-3674-939D-FAE1351022C0}.Release|x64.ActiveCfg = Release|x64
		{1B78BCE3-967C-3674-939D-FAE1351022C0}.Release|x64.Build.0 = Release|x64
		{1B78BCE3-967C-3674-939D-FAE1351022C0}.MinSizeRel|x64.ActiveCfg = MinSizeRel|x64
		{1B78BCE3-967C-3674-939D-FAE1351022C0}.MinSizeRel|x64.Build.0 = MinSizeRel|x64
		{1B78BCE3-967C-3674-939D-FAE1351022C0}.RelWithDebInfo|x64.ActiveCfg = RelWithDebInfo|x64
		{1B78BCE3-967C-3674-939D-FAE1351022C0}.RelWithDebInfo|x64.Build.0 = RelWithDebInfo|x64
		{5DFF08FF-3682-300D-83BA-962E67D8A902}.Debug|x64.ActiveCfg = Debug|x64
		{5DFF08FF-3682-300D-83BA-962E67D8A902}.Debug|x64.Build.0 = Debug|x64
		{5DFF08FF-3682-300D-83BA-962E67D8A902}.Release|x64.ActiveCfg = Release|x64
		{5DFF08FF-3682-300D-83BA-962E67D8A902}.Release|x64.Build.0 = Release|x64
		{5DFF08FF-3682-300D-83BA-962E67D8A902}.MinSizeRel|x64.ActiveCfg = MinSizeRel|x64
		{5DFF08FF-3682-300D-83BA-962E67D8A902}.MinSizeRel|x64.Build.0 = MinSizeRel|x64
		{5DFF08FF-3682-300D-83BA-962E67D8A902}.RelWithDebInfo|x64.ActiveCfg = RelWithDebInfo|x64
		{5DFF08FF-3682-300D-83BA-962E67D8A902}.RelWithDebInfo|x64.Build.0 = RelWithDebInfo|x64
		{2FEF047E-7A6C-3C23-AA78-42E7AD6F0BB0}.Debug|x64.ActiveCfg = Debug|x64
		{2FEF047E-7A6C-3C23-AA78-42E7AD6F0BB0}.Debug|x64.Build.0 = Debug|x64
		{2FEF047E-7A6C-3C23-AA78-42E7AD6F0BB0}.Release|x64.ActiveCfg = Release|x64
		{2FEF047E-7A6C-3C23-AA78-42E7AD6F0BB0}.Release|x64.Build.0 = Release|x64
		{2FEF047E-7A6C-3C23-AA78-42E7AD6F0BB0}.MinSizeRel|x64.ActiveCfg = MinSizeRel|x64
		{2FEF047E-7A6C-3C23-AA78-42E7AD6F0BB0}.MinSizeRel|x64.Build.0 = MinSizeRel|x64
		{2FEF047E-7A6C-3C23-AA78-42E7AD6F0BB0}.RelWithDebInfo|x64.ActiveCfg = RelWithDebInfo|x64
		{2FEF047E-7A6C-3C23-AA78-42E7AD6F0BB0}.RelWithDebInfo|x64.Build.0 = RelWithDebInfo|x64
		{6218CC44-CDA4-354E-A5D8-4AC3C054B9F9}.Debug|x64.ActiveCfg = Debug|x64
		{6218CC44-CDA4-354E-A5D8-4AC3C054B9F9}.Debug|x64.Build.0 = Debug|x64
		{6218CC44-CDA4-354E-A5D8-4AC3C054B9F9}.Release|x64.ActiveCfg = Release|x64
		{6218CC44-CDA4-354E-A5D8-4AC3C054B9F9}.Release|x64.Build.0 = Release|x64
		{6218CC44-CDA4-354E-A5D8-4AC3C054B9F9}.MinSizeRel|x64.ActiveCfg = MinSizeRel|x64
		{6218CC44-CDA4-354E-A5D8-4AC3C054B9F9}.MinSizeRel|x64.Build.0 = MinSizeRel|x64
		{6218CC44-CDA4-354E-A5D8-4AC3C054B9F9}.RelWithDebInfo|x64.ActiveCfg = RelWithDebInfo|x64
		{6218CC44-CDA4-354E-A5D8-4AC3C054B9F9}.RelWithDebInfo|x64.Build.0 = RelWithDebInfo|x64
		{AB0202E3-6778-31FD-A0F5-889F633104A6}.Debug|x64.ActiveCfg = Debug|x64
		{AB0202E3-6778-31FD-A0F5-889F633104A6}.Debug|x64.Build.0 = Debug|x64
		{AB0202E3-6778-31FD-A0F5-889F633104A6}.Release|x64.ActiveCfg = Release|x64
		{AB0202E3-6778-31FD-A0F5-889F633104A6}.Release|x64.Build.0 = Release|x64
		{AB0202E3-6778-31FD-A0F5-889F633104A6}.MinSizeRel|x64.ActiveCfg = MinSizeRel|x64
		{AB0202E3-6778-31FD-A0F5-889F633104A6}.MinSizeRel|x64.Build.0 = MinSizeRel|x64
		{AB0202E3-6778-31FD-A0F5-889F633104A6}.RelWithDebInfo|x64.ActiveCfg = RelWithDebInfo|x64
		{AB0202E3-6778-31FD-A0F5-889F633104A6}.RelWithDebInfo|x64.Build.0 = RelWithDebInfo|x64
		{AD613F7E-04A6-3006-944F-4DC9F8AC17CD}.Debug|x64.ActiveCfg = Debug|x64
		{AD613F7E-04A6-3006-944F-4DC9F8AC17CD}.Debug|x64.Build.0 = Debug|x64
		{AD613F7E-04A6-3006-944F-4DC9F8AC17CD}.Release|x64.ActiveCfg = Release|x64
		{AD613F7E-04A6-3006-944F-4DC9F8AC17CD}.Release|x64.Build.0 = Release|x64
		{AD613F7E-04A6-3006-944F-4DC9F8AC17CD}.MinSizeRel|x64.ActiveCfg = MinSizeRel|x64
		{AD613F7E-04A6-3006-944F-4DC9F8AC17CD}.MinSizeRel|x64.Build.0 = MinSizeRel|x64
		{AD613F7E-04A6-3006-944F-4DC9F8AC17CD}.RelWithDebInfo|x64.ActiveCfg = RelWithDebInfo|x64
		{AD613F7E-04A6-3006-944F-4DC9F8AC17CD}.RelWithDebInfo|x64.Build.0 = RelWithDebInfo|x64
		{9DC278C3-178E-320B-8450-EB14AF2BCCA9}.Debug|x64.ActiveCfg = Debug|x64
		{9DC278C3-178E-320B-8450-EB14AF2BCCA9}.Debug|x64.Build.0 = Debug|x64
		{9DC278C3-178E-320B-8450-EB14AF2BCCA9}.Release|x64.ActiveCfg = Release|x64
		{9DC278C3-178E-320B-8450-EB14AF2BCCA9}.Release|x64.Build.0 = Release|x64
		{9DC278C3-178E-320B-8450-EB14AF2BCCA9}.MinSizeRel|x64.ActiveCfg = MinSizeRel|x64
		{9DC278C3-178E-320B-8450-EB14AF2BCCA9}.MinSizeRel|x64.Build.0 = MinSizeRel|x64
		{9DC278C3-178E-320B-8450-EB14AF2BCCA9}.RelWithDebInfo|x64.ActiveCfg = RelWithDebInfo|x64
		{9DC278C3-178E-320B-8450-EB14AF2BCCA9}.RelWithDebInfo|x64.Build.0 = RelWithDebInfo|x64
		{BC8D0F18-77B2-3877-9CAA-DF714B48068B}.Debug|x64.ActiveCfg = Debug|x64
		{BC8D0F18-77B2-3877-9CAA-DF714B48068B}.Debug|x64.Build.0 = Debug|x64
		{BC8D0F18-77B2-3877-9CAA-DF714B48068B}.Release|x64.ActiveCfg = Release|x64
		{BC8D0F18-77B2-3877-9CAA-DF714B48068B}.Release|x64.Build.0 = Release|x64
		{BC8D0F18-77B2-3877-9CAA-DF714B48068B}.MinSizeRel|x64.ActiveCfg = MinSizeRel|x64
		{BC8D0F18-77B2-3877-9CAA-DF714B48068B}.MinSizeRel|x64.Build.0 = MinSizeRel|x64
		{BC8D0F18-77B2-3877-9CAA-DF714B48068B}.RelWithDebInfo|x64.ActiveCfg = RelWithDebInfo|x64
		{BC8D0F18-77B2-3877-9CAA-DF714B48068B}.RelWithDebInfo|x64.Build.0 = RelWithDebInfo|x64
		{D5521D76-CD98-36CD-945A-316DC19141D6}.Debug|x64.ActiveCfg = Debug|x64
		{D5521D76-CD98-36CD-945A-316DC19141D6}.Debug|x64.Build.0 = Debug|x64
		{D5521D76-CD98-36CD-945A-316DC19141D6}.Release|x64.ActiveCfg = Release|x64
		{D5521D76-CD98-36CD-945A-316DC19141D6}.Release|x64.Build.0 = Release|x64
		{D5521D76-CD98-36CD-945A-316DC19141D6}.MinSizeRel|x64.ActiveCfg = MinSizeRel|x64
		{D5521D76-CD98-36CD-945A-316DC19141D6}.MinSizeRel|x64.Build.0 = MinSizeRel|x64
		{D5521D76-CD98-36CD-945A-316DC19141D6}.RelWithDebInfo|x64.ActiveCfg = RelWithDebInfo|x64
		{D5521D76-CD98-36CD-945A-316DC19141D6}.RelWithDebInfo|x64.Build.0 = RelWithDebInfo|x64
		{40D6BE62-57BD-3979-B076-F2BF75380578}.Debug|x64.ActiveCfg = Debug|x64
		{40D6BE62-57BD-3979-B076-F2BF75380578}.Debug|x64.Build.0 = Debug|x64
		{40D6BE62-57BD-3979-B076-F2BF75380578}.Release|x64.ActiveCfg = Release|x64
		{40D6BE62-57BD-3979-B076-F2BF75380578}.Release|x64.Build.0 = Release|x64
		{40D6BE62-57BD-3979-B076-F2BF75380578}.MinSizeRel|x64.ActiveCfg = MinSizeRel|x64
		{40D6BE62-57BD-3979-B076-F2BF75380578}.MinSizeRel|x64.Build.0 = MinSizeRel|x64
		{40D6BE62-57BD-3979-B076-F2BF75380578}.RelWithDebInfo|x64.ActiveCfg = RelWithDebInfo|x64
		{40D6BE62-57BD-3979-B076-F2BF75380578}.RelWithDebInfo|x64.Build.0 = RelWithDebInfo|x64
		{DE21EFB9-C168-3342-BB4E-4026234A0F3A}.Debug|x64.ActiveCfg = Debug|x64
		{DE21EFB9-C168-3342-BB4E-4026234A0F3A}.Debug|x64.Build.0 = Debug|x64
		{DE21EFB9-C168-3342-BB4E-4026234A0F3A}.Release|x64.ActiveCfg = Release|x64
		{DE21EFB9-C168-3342-BB4E-4026234A0F3A}.Release|x64.Build.0 = Release|x64
		{DE21EFB9-C168-3342-BB4E-4026234A0F3A}.MinSizeRel|x64.ActiveCfg = MinSizeRel|x64
		{DE21EFB9-C168-3342-BB4E-4026234A0F3A}.MinSizeRel|x64.Build.0 = MinSizeRel|x64
		{DE21EFB9-C168-3342-BB4E-4026234A0F3A}.RelWithDebInfo|x64.ActiveCfg = RelWithDebInfo|x64
		{DE21EFB9-C168-3342-BB4E-4026234A0F3A}.RelWithDebInfo|x64.Build.0 = RelWithDebInfo|x64
		{4B22632B-DDA6-3757-8B47-659C47EA81E5}.Debug|x64.ActiveCfg = Debug|x64
		{4B22632B-DDA6-3757-8B47-659C47EA81E5}.Debug|x64.Build.0 = Debug|x64
		{4B22632B-DDA6-3757-8B47-659C47EA81E5}.Release|x64.ActiveCfg = Release|x64
		{4B22632B-DDA6-3757-8B47-659C47EA81E5}.Release|x64.Build.0 = Release|x64
		{4B22632B-DDA6-3757-8B47-659C47EA81E5}.MinSizeRel|x64.ActiveCfg = MinSizeRel|x64
		{4B22632B-DDA6-3757-8B47-659C47EA81E5}.MinSizeRel|x64.Build.0 = MinSizeRel|x64
		{4B22632B-DDA6-3757-8B47-659C47EA81E5}.RelWithDebInfo|x64.ActiveCfg = RelWithDebInfo|x64
		{4B22632B-DDA6-3757-8B47-659C47EA81E5}.RelWithDebInfo|x64.Build.0 = RelWithDebInfo|x64
		{D82B467A-31AD-317D-921A-E1B471E67CE4}.Debug|x64.ActiveCfg = Debug|x64
		{D82B467A-31AD-317D-921A-E1B471E67CE4}.Debug|x64.Build.0 = Debug|x64
		{D82B467A-31AD-317D-921A-E1B471E67CE4}.Release|x64.ActiveCfg = Release|x64
		{D82B467A-31AD-317D-921A-E1B471E67CE4}.Release|x64.Build.0 = Release|x64
		{D82B467A-31AD-317D-921A-E1B471E67CE4}.MinSizeRel|x64.ActiveCfg = MinSizeRel|x64
		{D82B467A-31AD-317D-921A-E1B471E67CE4}.MinSizeRel|x64.Build.0 = MinSizeRel|x64
		{D82B467A-31AD-317D-921A-E1B471E67CE4}.RelWithDebInfo|x64.ActiveCfg = RelWithDebInfo|x64
		{D82B467A-31AD-317D-921A-E1B471E67CE4}.RelWithDebInfo|x64.Build.0 = RelWithDebInfo|x64
	EndGlobalSection
	GlobalSection(NestedProjects) = preSolution
		{E4B1C2DB-2206-38DB-B9EA-83AF2980D49C} = {84A27479-A78E-3AC0-8190-451CC56862CF}
		{F153BD52-72A9-3938-97DD-8FD294C02D64} = {84A27479-A78E-3AC0-8190-451CC56862CF}
		{51D4F33F-ADA8-3BB8-88C1-D2FCD3C35CAD} = {9DF3813D-4A22-317A-B68F-E06F7732F03D}
		{19E1464B-589E-39FF-B33B-94E24D89E876} = {9DF3813D-4A22-317A-B68F-E06F7732F03D}
		{17110ABF-1229-3074-9C01-6D28631E8293} = {9DF3813D-4A22-317A-B68F-E06F7732F03D}
		{346FC325-458D-3391-B5BE-857B7FDAA05B} = {9DF3813D-4A22-317A-B68F-E06F7732F03D}
		{55163650-270A-3C2B-B49C-36344769E5BD} = {9DF3813D-4A22-317A-B68F-E06F7732F03D}
		{DD2991B8-DA92-32F5-A2E6-5F78C7972B42} = {9DF3813D-4A22-317A-B68F-E06F7732F03D}
		{4134270C-085D-3D5D-84D2-F0D5EE199E41} = {9DF3813D-4A22-317A-B68F-E06F7732F03D}
		{4D63AA8A-B517-3B1B-91F0-DBD914B94D5C} = {9DF3813D-4A22-317A-B68F-E06F7732F03D}
		{389E891A-3DC7-3861-9D8D-CD684DA8AFC0} = {9DF3813D-4A22-317A-B68F-E06F7732F03D}
		{581A8FCA-5C05-311E-B99B-B3A7B79C65B8} = {9DF3813D-4A22-317A-B68F-E06F7732F03D}
		{03E19A45-1427-3E92-9879-2663C8BB19EB} = {9DF3813D-4A22-317A-B68F-E06F7732F03D}
		{80E4C9AC-C2FC-31D4-B68A-2A3A633A9C37} = {9DF3813D-4A22-317A-B68F-E06F7732F03D}
		{99736D39-7D3D-33DC-AED3-DE909170FEC5} = {9DF3813D-4A22-317A-B68F-E06F7732F03D}
		{AA7462FC-CC32-37AB-B8B1-6BE988F7CDEF} = {9DF3813D-4A22-317A-B68F-E06F7732F03D}
		{12A73345-67FB-39B9-BEEE-D2E938E49664} = {9DF3813D-4A22-317A-B68F-E06F7732F03D}
		{B4D398D8-9DD7-3AB8-968F-8F6CB2C5F777} = {51D4F33F-ADA8-3BB8-88C1-D2FCD3C35CAD}
		{B0E16977-6F88-384C-8AFA-BF63246A5362} = {B4D398D8-9DD7-3AB8-968F-8F6CB2C5F777}
		{A239AFCA-DF0C-3D25-91F7-F47CDD5A27D2} = {B4D398D8-9DD7-3AB8-968F-8F6CB2C5F777}
		{E696F32B-DD35-3DC8-98F9-7C286EA54D82} = {B0E16977-6F88-384C-8AFA-BF63246A5362}
		{11828686-03C7-385E-B535-90AC39678F06} = {19E1464B-589E-39FF-B33B-94E24D89E876}
		{E3A181B7-412C-3976-886D-07CFE1D7AA5A} = {11828686-03C7-385E-B535-90AC39678F06}
		{4F424412-F86C-3138-A832-1196B66035F0} = {17110ABF-1229-3074-9C01-6D28631E8293}
		{E570CFF8-ABA0-39F4-AEE6-106A1E34AF2D} = {4F424412-F86C-3138-A832-1196B66035F0}
		{3A0FD0CA-D24E-37C3-8D80-359D33905CB8} = {346FC325-458D-3391-B5BE-857B7FDAA05B}
		{27BFF98F-1500-34CF-B896-2C7B796C592F} = {3A0FD0CA-D24E-37C3-8D80-359D33905CB8}
		{DA5ABD42-3CC4-35FA-89D0-FC221710882A} = {55163650-270A-3C2B-B49C-36344769E5BD}
		{1FA292D1-B174-3967-B8D5-AF75EA135DBD} = {DA5ABD42-3CC4-35FA-89D0-FC221710882A}
		{F5988C11-61E3-3C03-AACB-619A452A7A37} = {DD2991B8-DA92-32F5-A2E6-5F78C7972B42}
		{D693A80A-8107-3055-8144-E95F66A08C07} = {F5988C11-61E3-3C03-AACB-619A452A7A37}
		{4988BF1B-CF2E-334E-B809-7B6C2F6B0E96} = {4134270C-085D-3D5D-84D2-F0D5EE199E41}
		{84FA65FE-5695-3D00-BD33-09718DA8F11B} = {4988BF1B-CF2E-334E-B809-7B6C2F6B0E96}
		{40563ABD-0E9A-3A00-9716-8BC305AE211D} = {4D63AA8A-B517-3B1B-91F0-DBD914B94D5C}
		{64581704-3605-3889-A1AB-4256E5687B13} = {40563ABD-0E9A-3A00-9716-8BC305AE211D}
		{F39A07B9-B9C6-319E-AEE8-5CBDC9F84999} = {389E891A-3DC7-3861-9D8D-CD684DA8AFC0}
		{EE0A8970-1DE4-390F-A7C0-0790E2B11C64} = {F39A07B9-B9C6-319E-AEE8-5CBDC9F84999}
		{E89F8343-D86B-3545-91D3-31278E2B8B84} = {581A8FCA-5C05-311E-B99B-B3A7B79C65B8}
		{7A66883B-AA95-34EC-B235-93FE11EB805D} = {E89F8343-D86B-3545-91D3-31278E2B8B84}
		{E5F45056-D1C0-3DF7-AB6A-2E68F13A6CC3} = {03E19A45-1427-3E92-9879-2663C8BB19EB}
		{1B78BCE3-967C-3674-939D-FAE1351022C0} = {E5F45056-D1C0-3DF7-AB6A-2E68F13A6CC3}
		{59150C6A-8E80-38E4-AA60-A124FB955C4E} = {80E4C9AC-C2FC-31D4-B68A-2A3A633A9C37}
		{5DFF08FF-3682-300D-83BA-962E67D8A902} = {59150C6A-8E80-38E4-AA60-A124FB955C4E}
		{83B7A1C8-217A-3937-A03F-9849CD55A916} = {99736D39-7D3D-33DC-AED3-DE909170FEC5}
		{F105EDC7-53D6-390C-AF9B-DBA2F8158C90} = {83B7A1C8-217A-3937-A03F-9849CD55A916}
		{2FEF047E-7A6C-3C23-AA78-42E7AD6F0BB0} = {83B7A1C8-217A-3937-A03F-9849CD55A916}
		{6218CC44-CDA4-354E-A5D8-4AC3C054B9F9} = {F105EDC7-53D6-390C-AF9B-DBA2F8158C90}
		{FAA495EB-48D0-3BC9-894A-951C0747DC16} = {AA7462FC-CC32-37AB-B8B1-6BE988F7CDEF}
		{AD613F7E-04A6-3006-944F-4DC9F8AC17CD} = {FAA495EB-48D0-3BC9-894A-951C0747DC16}
		{FDACE076-36E7-3263-9EBF-52AF399F9244} = {12A73345-67FB-39B9-BEEE-D2E938E49664}
		{9DC278C3-178E-320B-8450-EB14AF2BCCA9} = {FDACE076-36E7-3263-9EBF-52AF399F9244}
		{F0367923-B49E-34A9-8E93-0E53D411CCF6} = {89CEF66A-5126-3BF7-B783-CAF1B3387D87}
		{896684A5-4BC1-32DC-A4D2-FE1691470BDA} = {89CEF66A-5126-3BF7-B783-CAF1B3387D87}
		{F87FB555-8D17-3B11-93CD-9BA9480C50E7} = {F0367923-B49E-34A9-8E93-0E53D411CCF6}
		{BC8D0F18-77B2-3877-9CAA-DF714B48068B} = {896684A5-4BC1-32DC-A4D2-FE1691470BDA}
		{D5521D76-CD98-36CD-945A-316DC19141D6} = {896684A5-4BC1-32DC-A4D2-FE1691470BDA}
		{4BD45CD2-82B3-3E02-B0D7-7A155FC5721F} = {DFD036C1-47C4-398F-96A9-EC5ED2B24A7E}
		{96D95FD1-B2B2-328B-930D-43DFCCB3014C} = {4BD45CD2-82B3-3E02-B0D7-7A155FC5721F}
		{AB0202E3-6778-31FD-A0F5-889F633104A6} = {D9D5AA92-5B66-3BC8-8752-1FA65DA8F21C}
		{4105CB75-1D8A-3095-BD4E-E08115F32FDB} = {816A634C-2417-3CBB-A6B0-1A243E2E36B2}
		{0B6FFBC0-D8A5-3E24-9136-303124B32395} = {816A634C-2417-3CBB-A6B0-1A243E2E36B2}
		{DE21EFB9-C168-3342-BB4E-4026234A0F3A} = {4105CB75-1D8A-3095-BD4E-E08115F32FDB}
		{4B22632B-DDA6-3757-8B47-659C47EA81E5} = {4105CB75-1D8A-3095-BD4E-E08115F32FDB}
		{D82B467A-31AD-317D-921A-E1B471E67CE4} = {4105CB75-1D8A-3095-BD4E-E08115F32FDB}
		{40D6BE62-57BD-3979-B076-F2BF75380578} = {0B6FFBC0-D8A5-3E24-9136-303124B32395}
	EndGlobalSection
	GlobalSection(ExtensibilityGlobals) = postSolution
	EndGlobalSection
	GlobalSection(ExtensibilityAddIns) = postSolution
	EndGlobalSection
EndGlobal
