Microsoft Visual Studio Solution File, Format Version 12.00
# Visual Studio 2013
Project("{8BC9CEB8-8B4A-11D0-8D11-00A0C91BC942}") = "ALL_BUILD", "ALL_BUILD.vcxproj", "{60658AC9-018F-325E-B976-CB186CC78C57}"
	ProjectSection(ProjectDependencies) = postProject
		{40D6BE62-57BD-3979-B076-F2BF75380578} = {40D6BE62-57BD-3979-B076-F2BF75380578}
		{DE21EFB9-C168-3342-BB4E-4026234A0F3A} = {DE21EFB9-C168-3342-BB4E-4026234A0F3A}
		{4B22632B-DDA6-3757-8B47-659C47EA81E5} = {4B22632B-DDA6-3757-8B47-659C47EA81E5}
		{D82B467A-31AD-317D-921A-E1B471E67CE4} = {D82B467A-31AD-317D-921A-E1B471E67CE4}
	EndProjectSection
EndProject
Project("{8BC9CEB8-8B4A-11D0-8D11-00A0C91BC942}") = "INSTALL", "INSTALL.vcxproj", "{E4B1C2DB-2206-38DB-B9EA-83AF2980D49C}"
	ProjectSection(ProjectDependencies) = postProject
		{60658AC9-018F-325E-B976-CB186CC78C57} = {60658AC9-018F-325E-B976-CB186CC78C57}
	EndProjectSection
EndProject
Project("{8BC9CEB8-8B4A-11D0-8D11-00A0C91BC942}") = "PACKAGE", "PACKAGE.vcxproj", "{F153BD52-72A9-3938-97DD-8FD294C02D64}"
	ProjectSection(ProjectDependencies) = postProject
		{60658AC9-018F-325E-B976-CB186CC78C57} = {60658AC9-018F-325E-B976-CB186CC78C57}
	EndProjectSection
EndProject
Project("{8BC9CEB8-8B4A-11D0-8D11-00A0C91BC942}") = "winpr", "libwinpr\winpr.vcxproj", "{40D6BE62-57BD-3979-B076-F2BF75380578}"
	ProjectSection(ProjectDependencies) = postProject
	EndProjectSection
EndProject
Project("{8BC9CEB8-8B4A-11D0-8D11-00A0C91BC942}") = "winpr-hash", "tools\hash\winpr-hash.vcxproj", "{DE21EFB9-C168-3342-BB4E-4026234A0F3A}"
	ProjectSection(ProjectDependencies) = postProject
		{40D6BE62-57BD-3979-B076-F2BF75380578} = {40D6BE62-57BD-3979-B076-F2BF75380578}
	EndProjectSection
EndProject
Project("{8BC9CEB8-8B4A-11D0-8D11-00A0C91BC942}") = "winpr-makecert", "tools\makecert\cli\winpr-makecert.vcxproj", "{4B22632B-DDA6-3757-8B47-659C47EA81E5}"
	ProjectSection(ProjectDependencies) = postProject
		{40D6BE62-57BD-3979-B076-F2BF75380578} = {40D6BE62-57BD-3979-B076-F2BF75380578}
		{D82B467A-31AD-317D-921A-E1B471E67CE4} = {D82B467A-31AD-317D-921A-E1B471E67CE4}
	EndProjectSection
EndProject
Project("{8BC9CEB8-8B4A-11D0-8D11-00A0C91BC942}") = "winpr-makecert-tool", "tools\makecert\winpr-makecert-tool.vcxproj", "{D82B467A-31AD-317D-921A-E1B471E67CE4}"
	ProjectSection(ProjectDependencies) = postProject
		{40D6BE62-57BD-3979-B076-F2BF75380578} = {40D6BE62-57BD-3979-B076-F2BF75380578}
	EndProjectSection
EndProject
Project("{2150E333-8FDC-42A3-9474-1A3956D46DE8}") = "CMakePredefinedTargets", "CMakePredefinedTargets", "{84A27479-A78E-3AC0-8190-451CC56862CF}"
EndProject
Project("{2150E333-8FDC-42A3-9474-1A3956D46DE8}") = "WinPR", "WinPR", "{816A634C-2417-3CBB-A6B0-1A243E2E36B2}"
EndProject
Project("{2150E333-8FDC-42A3-9474-1A3956D46DE8}") = "Tools", "WinPR\Tools", "{4105CB75-1D8A-3095-BD4E-E08115F32FDB}"
EndProject
Project("{2150E333-8FDC-42A3-9474-1A3956D46DE8}") = "libwinpr", "WinPR\libwinpr", "{0B6FFBC0-D8A5-3E24-9136-303124B32395}"
EndProject
Global
	GlobalSection(SolutionConfigurationPlatforms) = preSolution
		Debug|x64 = Debug|x64
		Release|x64 = Release|x64
		MinSizeRel|x64 = MinSizeRel|x64
		RelWithDebInfo|x64 = RelWithDebInfo|x64
	EndGlobalSection
	GlobalSection(ProjectConfigurationPlatforms) = postSolution
		{60658AC9-018F-325E-B976-CB186CC78C57}.Debug|x64.ActiveCfg = Debug|x64
		{60658AC9-018F-325E-B976-CB186CC78C57}.Debug|x64.Build.0 = Debug|x64
		{60658AC9-018F-325E-B976-CB186CC78C57}.Release|x64.ActiveCfg = Release|x64
		{60658AC9-018F-325E-B976-CB186CC78C57}.Release|x64.Build.0 = Release|x64
		{60658AC9-018F-325E-B976-CB186CC78C57}.MinSizeRel|x64.ActiveCfg = MinSizeRel|x64
		{60658AC9-018F-325E-B976-CB186CC78C57}.MinSizeRel|x64.Build.0 = MinSizeRel|x64
		{60658AC9-018F-325E-B976-CB186CC78C57}.RelWithDebInfo|x64.ActiveCfg = RelWithDebInfo|x64
		{60658AC9-018F-325E-B976-CB186CC78C57}.RelWithDebInfo|x64.Build.0 = RelWithDebInfo|x64
		{E4B1C2DB-2206-38DB-B9EA-83AF2980D49C}.Debug|x64.ActiveCfg = Debug|x64
		{E4B1C2DB-2206-38DB-B9EA-83AF2980D49C}.Release|x64.ActiveCfg = Release|x64
		{E4B1C2DB-2206-38DB-B9EA-83AF2980D49C}.MinSizeRel|x64.ActiveCfg = MinSizeRel|x64
		{E4B1C2DB-2206-38DB-B9EA-83AF2980D49C}.RelWithDebInfo|x64.ActiveCfg = RelWithDebInfo|x64
		{F153BD52-72A9-3938-97DD-8FD294C02D64}.Debug|x64.ActiveCfg = Debug|x64
		{F153BD52-72A9-3938-97DD-8FD294C02D64}.Release|x64.ActiveCfg = Release|x64
		{F153BD52-72A9-3938-97DD-8FD294C02D64}.MinSizeRel|x64.ActiveCfg = MinSizeRel|x64
		{F153BD52-72A9-3938-97DD-8FD294C02D64}.RelWithDebInfo|x64.ActiveCfg = RelWithDebInfo|x64
		{40D6BE62-57BD-3979-B076-F2BF75380578}.Debug|x64.ActiveCfg = Debug|x64
		{40D6BE62-57BD-3979-B076-F2BF75380578}.Debug|x64.Build.0 = Debug|x64
		{40D6BE62-57BD-3979-B076-F2BF75380578}.Release|x64.ActiveCfg = Release|x64
		{40D6BE62-57BD-3979-B076-F2BF75380578}.Release|x64.Build.0 = Release|x64
		{40D6BE62-57BD-3979-B076-F2BF75380578}.MinSizeRel|x64.ActiveCfg = MinSizeRel|x64
		{40D6BE62-57BD-3979-B076-F2BF75380578}.MinSizeRel|x64.Build.0 = MinSizeRel|x64
		{40D6BE62-57BD-3979-B076-F2BF75380578}.RelWithDebInfo|x64.ActiveCfg = RelWithDebInfo|x64
		{40D6BE62-57BD-3979-B076-F2BF75380578}.RelWithDebInfo|x64.Build.0 = RelWithDebInfo|x64
		{DE21EFB9-C168-3342-BB4E-4026234A0F3A}.Debug|x64.ActiveCfg = Debug|x64
		{DE21EFB9-C168-3342-BB4E-4026234A0F3A}.Debug|x64.Build.0 = Debug|x64
		{DE21EFB9-C168-3342-BB4E-4026234A0F3A}.Release|x64.ActiveCfg = Release|x64
		{DE21EFB9-C168-3342-BB4E-4026234A0F3A}.Release|x64.Build.0 = Release|x64
		{DE21EFB9-C168-3342-BB4E-4026234A0F3A}.MinSizeRel|x64.ActiveCfg = MinSizeRel|x64
		{DE21EFB9-C168-3342-BB4E-4026234A0F3A}.MinSizeRel|x64.Build.0 = MinSizeRel|x64
		{DE21EFB9-C168-3342-BB4E-4026234A0F3A}.RelWithDebInfo|x64.ActiveCfg = RelWithDebInfo|x64
		{DE21EFB9-C168-3342-BB4E-4026234A0F3A}.RelWithDebInfo|x64.Build.0 = RelWithDebInfo|x64
		{4B22632B-DDA6-3757-8B47-659C47EA81E5}.Debug|x64.ActiveCfg = Debug|x64
		{4B22632B-DDA6-3757-8B47-659C47EA81E5}.Debug|x64.Build.0 = Debug|x64
		{4B22632B-DDA6-3757-8B47-659C47EA81E5}.Release|x64.ActiveCfg = Release|x64
		{4B22632B-DDA6-3757-8B47-659C47EA81E5}.Release|x64.Build.0 = Release|x64
		{4B22632B-DDA6-3757-8B47-659C47EA81E5}.MinSizeRel|x64.ActiveCfg = MinSizeRel|x64
		{4B22632B-DDA6-3757-8B47-659C47EA81E5}.MinSizeRel|x64.Build.0 = MinSizeRel|x64
		{4B22632B-DDA6-3757-8B47-659C47EA81E5}.RelWithDebInfo|x64.ActiveCfg = RelWithDebInfo|x64
		{4B22632B-DDA6-3757-8B47-659C47EA81E5}.RelWithDebInfo|x64.Build.0 = RelWithDebInfo|x64
		{D82B467A-31AD-317D-921A-E1B471E67CE4}.Debug|x64.ActiveCfg = Debug|x64
		{D82B467A-31AD-317D-921A-E1B471E67CE4}.Debug|x64.Build.0 = Debug|x64
		{D82B467A-31AD-317D-921A-E1B471E67CE4}.Release|x64.ActiveCfg = Release|x64
		{D82B467A-31AD-317D-921A-E1B471E67CE4}.Release|x64.Build.0 = Release|x64
		{D82B467A-31AD-317D-921A-E1B471E67CE4}.MinSizeRel|x64.ActiveCfg = MinSizeRel|x64
		{D82B467A-31AD-317D-921A-E1B471E67CE4}.MinSizeRel|x64.Build.0 = MinSizeRel|x64
		{D82B467A-31AD-317D-921A-E1B471E67CE4}.RelWithDebInfo|x64.ActiveCfg = RelWithDebInfo|x64
		{D82B467A-31AD-317D-921A-E1B471E67CE4}.RelWithDebInfo|x64.Build.0 = RelWithDebInfo|x64
	EndGlobalSection
	GlobalSection(NestedProjects) = preSolution
		{E4B1C2DB-2206-38DB-B9EA-83AF2980D49C} = {84A27479-A78E-3AC0-8190-451CC56862CF}
		{F153BD52-72A9-3938-97DD-8FD294C02D64} = {84A27479-A78E-3AC0-8190-451CC56862CF}
		{4105CB75-1D8A-3095-BD4E-E08115F32FDB} = {816A634C-2417-3CBB-A6B0-1A243E2E36B2}
		{0B6FFBC0-D8A5-3E24-9136-303124B32395} = {816A634C-2417-3CBB-A6B0-1A243E2E36B2}
		{DE21EFB9-C168-3342-BB4E-4026234A0F3A} = {4105CB75-1D8A-3095-BD4E-E08115F32FDB}
		{4B22632B-DDA6-3757-8B47-659C47EA81E5} = {4105CB75-1D8A-3095-BD4E-E08115F32FDB}
		{D82B467A-31AD-317D-921A-E1B471E67CE4} = {4105CB75-1D8A-3095-BD4E-E08115F32FDB}
		{40D6BE62-57BD-3979-B076-F2BF75380578} = {0B6FFBC0-D8A5-3E24-9136-303124B32395}
	EndGlobalSection
	GlobalSection(ExtensibilityGlobals) = postSolution
	EndGlobalSection
	GlobalSection(ExtensibilityAddIns) = postSolution
	EndGlobalSection
EndGlobal
