<?xml version="1.0" encoding="UTF-8"?>
<Project ToolsVersion="12.0" xmlns="http://schemas.microsoft.com/developer/msbuild/2003">
  <ItemGroup>
    <CustomBuild Include="D:\FreeRdpClient\CMakeFiles\2ddbd29e2e45cf9fc6e7bd2e7e462774\PACKAGE_force.rule">
      <Filter>CMake Rules</Filter>
    </CustomBuild>
  </ItemGroup>
  <ItemGroup>
    <Filter Include="CMake Rules">
      <UniqueIdentifier>{E9B7246D-BD94-39DA-85DC-FAE961E52B75}</UniqueIdentifier>
    </Filter>
  </ItemGroup>
</Project>
